
Microsoft Visual Studio Solution File, Format Version 12.00
# Visual Studio Version 16
VisualStudioVersion = 16.0.30907.101
MinimumVisualStudioVersion = 10.0.40219.1
Project("{9A19103F-16F7-4668-BE54-9A1E7A4F7556}") = "Pedidos.Api", "Pedidos.Api.csproj", "{9EDDE01D-9B09-4A02-98C9-F9F61A1EFCAD}"
EndProject
Project("{FAE04EC0-301F-11D3-BF4B-00C04F79EFBC}") = "Pedidos.CrossCutting", "..\Pedidos.CrossCutting\Pedidos.CrossCutting.csproj", "{60DCD405-897F-44DF-9541-56BE5264F20D}"
EndProject
Project("{FAE04EC0-301F-11D3-BF4B-00C04F79EFBC}") = "Pedidos.Domain", "..\Pedidos.Domain\Pedidos.Domain.csproj", "{E2E5D642-D14F-4B02-88F9-A5FE994662CB}"
EndProject
Project("{FAE04EC0-301F-11D3-BF4B-00C04F79EFBC}") = "Pedidos.Domain.Command", "..\Pedidos.Domain.Command\Pedidos.Domain.Command.csproj", "{084C1846-384F-4F8B-9774-3B8085E4558D}"
EndProject
Project("{FAE04EC0-301F-11D3-BF4B-00C04F79EFBC}") = "Pedidos.Domain.Query", "..\Pedidos.Domain.Query\Pedidos.Domain.Query.csproj", "{51A68B99-7E88-45D3-B003-B104E18366BF}"
EndProject
Project("{FAE04EC0-301F-11D3-BF4B-00C04F79EFBC}") = "Pedidos.Infrastructure.Data", "..\Pedidos.Infrastructure.Data\Pedidos.Infrastructure.Data.csproj", "{249B9067-0035-43EE-92C1-6FDA458D68C8}"
EndProject
Project("{FAE04EC0-301F-11D3-BF4B-00C04F79EFBC}") = "Pedidos.Tests", "..\Pedidos.Tests\Pedidos.Tests.csproj", "{4A9D4A29-F8F8-4E5D-8964-4420979891DC}"
EndProject
Global
	GlobalSection(SolutionConfigurationPlatforms) = preSolution
		Debug|Any CPU = Debug|Any CPU
		Release|Any CPU = Release|Any CPU
	EndGlobalSection
	GlobalSection(ProjectConfigurationPlatforms) = postSolution
		{9EDDE01D-9B09-4A02-98C9-F9F61A1EFCAD}.Debug|Any CPU.ActiveCfg = Debug|Any CPU
		{9EDDE01D-9B09-4A02-98C9-F9F61A1EFCAD}.Debug|Any CPU.Build.0 = Debug|Any CPU
		{9EDDE01D-9B09-4A02-98C9-F9F61A1EFCAD}.Release|Any CPU.ActiveCfg = Release|Any CPU
		{9EDDE01D-9B09-4A02-98C9-F9F61A1EFCAD}.Release|Any CPU.Build.0 = Release|Any CPU
		{60DCD405-897F-44DF-9541-56BE5264F20D}.Debug|Any CPU.ActiveCfg = Debug|Any CPU
		{60DCD405-897F-44DF-9541-56BE5264F20D}.Debug|Any CPU.Build.0 = Debug|Any CPU
		{60DCD405-897F-44DF-9541-56BE5264F20D}.Release|Any CPU.ActiveCfg = Release|Any CPU
		{60DCD405-897F-44DF-9541-56BE5264F20D}.Release|Any CPU.Build.0 = Release|Any CPU
		{E2E5D642-D14F-4B02-88F9-A5FE994662CB}.Debug|Any CPU.ActiveCfg = Debug|Any CPU
		{E2E5D642-D14F-4B02-88F9-A5FE994662CB}.Debug|Any CPU.Build.0 = Debug|Any CPU
		{E2E5D642-D14F-4B02-88F9-A5FE994662CB}.Release|Any CPU.ActiveCfg = Release|Any CPU
		{E2E5D642-D14F-4B02-88F9-A5FE994662CB}.Release|Any CPU.Build.0 = Release|Any CPU
		{084C1846-384F-4F8B-9774-3B8085E4558D}.Debug|Any CPU.ActiveCfg = Debug|Any CPU
		{084C1846-384F-4F8B-9774-3B8085E4558D}.Debug|Any CPU.Build.0 = Debug|Any CPU
		{084C1846-384F-4F8B-9774-3B8085E4558D}.Release|Any CPU.ActiveCfg = Release|Any CPU
		{084C1846-384F-4F8B-9774-3B8085E4558D}.Release|Any CPU.Build.0 = Release|Any CPU
		{51A68B99-7E88-45D3-B003-B104E18366BF}.Debug|Any CPU.ActiveCfg = Debug|Any CPU
		{51A68B99-7E88-45D3-B003-B104E18366BF}.Debug|Any CPU.Build.0 = Debug|Any CPU
		{51A68B99-7E88-45D3-B003-B104E18366BF}.Release|Any CPU.ActiveCfg = Release|Any CPU
		{51A68B99-7E88-45D3-B003-B104E18366BF}.Release|Any CPU.Build.0 = Release|Any CPU
		{249B9067-0035-43EE-92C1-6FDA458D68C8}.Debug|Any CPU.ActiveCfg = Debug|Any CPU
		{249B9067-0035-43EE-92C1-6FDA458D68C8}.Debug|Any CPU.Build.0 = Debug|Any CPU
		{249B9067-0035-43EE-92C1-6FDA458D68C8}.Release|Any CPU.ActiveCfg = Release|Any CPU
		{249B9067-0035-43EE-92C1-6FDA458D68C8}.Release|Any CPU.Build.0 = Release|Any CPU
		{4A9D4A29-F8F8-4E5D-8964-4420979891DC}.Debug|Any CPU.ActiveCfg = Debug|Any CPU
		{4A9D4A29-F8F8-4E5D-8964-4420979891DC}.Debug|Any CPU.Build.0 = Debug|Any CPU
		{4A9D4A29-F8F8-4E5D-8964-4420979891DC}.Release|Any CPU.ActiveCfg = Release|Any CPU
		{4A9D4A29-F8F8-4E5D-8964-4420979891DC}.Release|Any CPU.Build.0 = Release|Any CPU
	EndGlobalSection
	GlobalSection(SolutionProperties) = preSolution
		HideSolutionNode = FALSE
	EndGlobalSection
	GlobalSection(ExtensibilityGlobals) = postSolution
		SolutionGuid = {F6B678D2-6F93-4EFF-8427-0FC9B2B2C031}
	EndGlobalSection
EndGlobal
